
Microsoft Visual Studio Solution File, Format Version 12.00
# Visual Studio Version 17
VisualStudioVersion = 17.7.34003.232
MinimumVisualStudioVersion = 10.0.40219.1
Project("{FAE04EC0-301F-11D3-BF4B-00C04F79EFBC}") = "BMI_CK", "BMI_CK.csproj", "{CF54CC49-0E33-44B3-863F-BC82EB27B169}"
EndProject
Global
	GlobalSection(SolutionConfigurationPlatforms) = preSolution
		Debug|Any CPU = Debug|Any CPU
		Release|Any CPU = Release|Any CPU
	EndGlobalSection
	GlobalSection(ProjectConfigurationPlatforms) = postSolution
		{CF54CC49-0E33-44B3-863F-BC82EB27B169}.Debug|Any CPU.ActiveCfg = Debug|Any CPU
		{CF54CC49-0E33-44B3-863F-BC82EB27B169}.Debug|Any CPU.Build.0 = Debug|Any CPU
		{CF54CC49-0E33-44B3-863F-BC82EB27B169}.Release|Any CPU.ActiveCfg = Release|Any CPU
		{CF54CC49-0E33-44B3-863F-BC82EB27B169}.Release|Any CPU.Build.0 = Release|Any CPU
	EndGlobalSection
	GlobalSection(SolutionProperties) = preSolution
		HideSolutionNode = FALSE
	EndGlobalSection
	GlobalSection(ExtensibilityGlobals) = postSolution
		SolutionGuid = {A9EF9E3E-3570-4565-AB14-1523D08BC608}
	EndGlobalSection
EndGlobal
